
Microsoft Visual Studio Solution File, Format Version 12.00
# Visual Studio Version 17
VisualStudioVersion = 17.11.35219.272
MinimumVisualStudioVersion = 10.0.40219.1
Project("{FAE04EC0-301F-11D3-BF4B-00C04F79EFBC}") = "Flyweight Pattern", "Flyweight Pattern\Flyweight Pattern.csproj", "{4199539D-D568-4235-B09C-A0B4FA99C7AA}"
EndProject
Global
	GlobalSection(SolutionConfigurationPlatforms) = preSolution
		Debug|Any CPU = Debug|Any CPU
		Release|Any CPU = Release|Any CPU
	EndGlobalSection
	GlobalSection(ProjectConfigurationPlatforms) = postSolution
		{4199539D-D568-4235-B09C-A0B4FA99C7AA}.Debug|Any CPU.ActiveCfg = Debug|Any CPU
		{4199539D-D568-4235-B09C-A0B4FA99C7AA}.Debug|Any CPU.Build.0 = Debug|Any CPU
		{4199539D-D568-4235-B09C-A0B4FA99C7AA}.Release|Any CPU.ActiveCfg = Release|Any CPU
		{4199539D-D568-4235-B09C-A0B4FA99C7AA}.Release|Any CPU.Build.0 = Release|Any CPU
	EndGlobalSection
	GlobalSection(SolutionProperties) = preSolution
		HideSolutionNode = FALSE
	EndGlobalSection
	GlobalSection(ExtensibilityGlobals) = postSolution
		SolutionGuid = {14243348-3E5A-4CD1-B8E9-307AE510814D}
	EndGlobalSection
EndGlobal
